
Microsoft Visual Studio Solution File, Format Version 12.00
# Visual Studio 15
VisualStudioVersion = 15.0.28010.2050
MinimumVisualStudioVersion = 10.0.40219.1
Project("{FAE04EC0-301F-11D3-BF4B-00C04F79EFBC}") = "OC-eBibliotheque", "OC-eBibliotheque\OC-eBibliotheque.csproj", "{2293FF1D-6238-4F6B-A692-4D865EA05831}"
EndProject
Project("{FAE04EC0-301F-11D3-BF4B-00C04F79EFBC}") = "OC-eBibliotheque.Tests", "OC-eBibliotheque.Tests\OC-eBibliotheque.Tests.csproj", "{3A140F4C-FE5F-4A19-ADFD-EF599C66C0B0}"
EndProject
Global
	GlobalSection(SolutionConfigurationPlatforms) = preSolution
		Debug|Any CPU = Debug|Any CPU
		Release|Any CPU = Release|Any CPU
	EndGlobalSection
	GlobalSection(ProjectConfigurationPlatforms) = postSolution
		{2293FF1D-6238-4F6B-A692-4D865EA05831}.Debug|Any CPU.ActiveCfg = Debug|Any CPU
		{2293FF1D-6238-4F6B-A692-4D865EA05831}.Debug|Any CPU.Build.0 = Debug|Any CPU
		{2293FF1D-6238-4F6B-A692-4D865EA05831}.Release|Any CPU.ActiveCfg = Release|Any CPU
		{2293FF1D-6238-4F6B-A692-4D865EA05831}.Release|Any CPU.Build.0 = Release|Any CPU
		{3A140F4C-FE5F-4A19-ADFD-EF599C66C0B0}.Debug|Any CPU.ActiveCfg = Debug|Any CPU
		{3A140F4C-FE5F-4A19-ADFD-EF599C66C0B0}.Debug|Any CPU.Build.0 = Debug|Any CPU
		{3A140F4C-FE5F-4A19-ADFD-EF599C66C0B0}.Release|Any CPU.ActiveCfg = Release|Any CPU
		{3A140F4C-FE5F-4A19-ADFD-EF599C66C0B0}.Release|Any CPU.Build.0 = Release|Any CPU
	EndGlobalSection
	GlobalSection(SolutionProperties) = preSolution
		HideSolutionNode = FALSE
	EndGlobalSection
	GlobalSection(ExtensibilityGlobals) = postSolution
		SolutionGuid = {692F3A14-17C1-4EB9-A492-54E7AC03CBD6}
	EndGlobalSection
EndGlobal
